
Microsoft Visual Studio Solution File, Format Version 12.00
# Visual Studio Version 16
VisualStudioVersion = 16.0.30621.155
MinimumVisualStudioVersion = 10.0.40219.1
Project("{9A19103F-16F7-4668-BE54-9A1E7A4F7556}") = "Hostel.DAL", "HostelDB\Hostel.DAL.csproj", "{69CD05E5-31E6-43E5-AC05-4485561EB339}"
EndProject
Global
	GlobalSection(SolutionConfigurationPlatforms) = preSolution
		Debug|Any CPU = Debug|Any CPU
		Release|Any CPU = Release|Any CPU
	EndGlobalSection
	GlobalSection(ProjectConfigurationPlatforms) = postSolution
		{69CD05E5-31E6-43E5-AC05-4485561EB339}.Debug|Any CPU.ActiveCfg = Debug|Any CPU
		{69CD05E5-31E6-43E5-AC05-4485561EB339}.Debug|Any CPU.Build.0 = Debug|Any CPU
		{69CD05E5-31E6-43E5-AC05-4485561EB339}.Release|Any CPU.ActiveCfg = Release|Any CPU
		{69CD05E5-31E6-43E5-AC05-4485561EB339}.Release|Any CPU.Build.0 = Release|Any CPU
	EndGlobalSection
	GlobalSection(SolutionProperties) = preSolution
		HideSolutionNode = FALSE
	EndGlobalSection
	GlobalSection(ExtensibilityGlobals) = postSolution
		SolutionGuid = {47588379-20E2-4CF7-AEAB-B89C4D443265}
	EndGlobalSection
EndGlobal
